// !$*UTF8*$!
{
	archiveVersion = 1;
	classes = {
	};
	objectVersion = 51;
	objects = {

/* Begin PBXBuildFile section */
		2C19253E274FD56B009FBEA8 /* Preferences.swift in Sources */ = {isa = PBXBuildFile; fileRef = 2C19253D274FD56B009FBEA8 /* Preferences.swift */; };
		2C5DA0D82750F6BD00653DDE /* SelectCardViewController.swift in Sources */ = {isa = PBXBuildFile; fileRef = 2C5DA0D72750F6BD00653DDE /* SelectCardViewController.swift */; };
		2C5DA0DC2750F81F00653DDE /* SelectCardCollectionViewCell.swift in Sources */ = {isa = PBXBuildFile; fileRef = 2C5DA0DA2750F81F00653DDE /* SelectCardCollectionViewCell.swift */; };
		2C5DA0DD2750F81F00653DDE /* SelectCardCollectionViewCell.xib in Resources */ = {isa = PBXBuildFile; fileRef = 2C5DA0DB2750F81F00653DDE /* SelectCardCollectionViewCell.xib */; };
		2CAEDFC62748EB5300F7DA48 /* AppDelegate.swift in Sources */ = {isa = PBXBuildFile; fileRef = 2CAEDFC52748EB5300F7DA48 /* AppDelegate.swift */; };
		2CAEDFCA2748EB5300F7DA48 /* AuthorizationViewController.swift in Sources */ = {isa = PBXBuildFile; fileRef = 2CAEDFC92748EB5300F7DA48 /* AuthorizationViewController.swift */; };
		2CAEDFCD2748EB5300F7DA48 /* Main.storyboard in Resources */ = {isa = PBXBuildFile; fileRef = 2CAEDFCB2748EB5300F7DA48 /* Main.storyboard */; };
		2CAEDFCF2748EB6400F7DA48 /* Assets.xcassets in Resources */ = {isa = PBXBuildFile; fileRef = 2CAEDFCE2748EB6400F7DA48 /* Assets.xcassets */; };
		2CAEDFD22748EB6400F7DA48 /* LaunchScreen.storyboard in Resources */ = {isa = PBXBuildFile; fileRef = 2CAEDFD02748EB6400F7DA48 /* LaunchScreen.storyboard */; };
		2CAEDFDC2748EEF600F7DA48 /* PersonViewController.swift in Sources */ = {isa = PBXBuildFile; fileRef = 2CAEDFDB2748EEF600F7DA48 /* PersonViewController.swift */; };
		2CAEDFDF2748F8A500F7DA48 /* MenuViewController.swift in Sources */ = {isa = PBXBuildFile; fileRef = 2CAEDFDE2748F8A500F7DA48 /* MenuViewController.swift */; };
		2CCC3366274FE328005A0711 /* BaseValidator.swift in Sources */ = {isa = PBXBuildFile; fileRef = 2CCC3365274FE328005A0711 /* BaseValidator.swift */; };
		2CCC3369274FE3A2005A0711 /* ErrorValidation.swift in Sources */ = {isa = PBXBuildFile; fileRef = 2CCC3368274FE3A2005A0711 /* ErrorValidation.swift */; };
		2CCC336C274FE441005A0711 /* TextField_Extension.swift in Sources */ = {isa = PBXBuildFile; fileRef = 2CCC336B274FE441005A0711 /* TextField_Extension.swift */; };
		2CCC3370274FE7CD005A0711 /* TextLengthValidator.swift in Sources */ = {isa = PBXBuildFile; fileRef = 2CCC336F274FE7CD005A0711 /* TextLengthValidator.swift */; };
		2CCC3373274FE827005A0711 /* RegularExpressionValidator.swift in Sources */ = {isa = PBXBuildFile; fileRef = 2CCC3372274FE827005A0711 /* RegularExpressionValidator.swift */; };
		2CCC3376274FEA80005A0711 /* UserData.swift in Sources */ = {isa = PBXBuildFile; fileRef = 2CCC3375274FEA80005A0711 /* UserData.swift */; };
		2CEB8594275ABD58009D977E /* APIManager.swift in Sources */ = {isa = PBXBuildFile; fileRef = 2CEB8593275ABD58009D977E /* APIManager.swift */; };
		3CCA123C35ADE859BE841D73 /* Pods_VTB_Charity.framework in Frameworks */ = {isa = PBXBuildFile; fileRef = AB5E09BDD66D86C1F4E0DC19 /* Pods_VTB_Charity.framework */; };
		911B11E9275537B60089DA52 /* AlignedCollectionViewFlowLayout.swift in Sources */ = {isa = PBXBuildFile; fileRef = 911B11E8275537B60089DA52 /* AlignedCollectionViewFlowLayout.swift */; };
/* End PBXBuildFile section */

/* Begin PBXFileReference section */
		2C19253D274FD56B009FBEA8 /* Preferences.swift */ = {isa = PBXFileReference; lastKnownFileType = sourcecode.swift; path = Preferences.swift; sourceTree = "<group>"; };
		2C5DA0D72750F6BD00653DDE /* SelectCardViewController.swift */ = {isa = PBXFileReference; lastKnownFileType = sourcecode.swift; path = SelectCardViewController.swift; sourceTree = "<group>"; };
		2C5DA0DA2750F81F00653DDE /* SelectCardCollectionViewCell.swift */ = {isa = PBXFileReference; lastKnownFileType = sourcecode.swift; path = SelectCardCollectionViewCell.swift; sourceTree = "<group>"; };
		2C5DA0DB2750F81F00653DDE /* SelectCardCollectionViewCell.xib */ = {isa = PBXFileReference; lastKnownFileType = file.xib; path = SelectCardCollectionViewCell.xib; sourceTree = "<group>"; };
		2CAEDFC22748EB5300F7DA48 /* VTB_Charity.app */ = {isa = PBXFileReference; explicitFileType = wrapper.application; includeInIndex = 0; path = VTB_Charity.app; sourceTree = BUILT_PRODUCTS_DIR; };
		2CAEDFC52748EB5300F7DA48 /* AppDelegate.swift */ = {isa = PBXFileReference; lastKnownFileType = sourcecode.swift; path = AppDelegate.swift; sourceTree = "<group>"; };
		2CAEDFC92748EB5300F7DA48 /* AuthorizationViewController.swift */ = {isa = PBXFileReference; lastKnownFileType = sourcecode.swift; path = AuthorizationViewController.swift; sourceTree = "<group>"; };
		2CAEDFCC2748EB5300F7DA48 /* Base */ = {isa = PBXFileReference; lastKnownFileType = file.storyboard; name = Base; path = Base.lproj/Main.storyboard; sourceTree = "<group>"; };
		2CAEDFCE2748EB6400F7DA48 /* Assets.xcassets */ = {isa = PBXFileReference; lastKnownFileType = folder.assetcatalog; path = Assets.xcassets; sourceTree = "<group>"; };
		2CAEDFD12748EB6400F7DA48 /* Base */ = {isa = PBXFileReference; lastKnownFileType = file.storyboard; name = Base; path = Base.lproj/LaunchScreen.storyboard; sourceTree = "<group>"; };
		2CAEDFD32748EB6400F7DA48 /* Info.plist */ = {isa = PBXFileReference; lastKnownFileType = text.plist.xml; path = Info.plist; sourceTree = "<group>"; };
		2CAEDFDB2748EEF600F7DA48 /* PersonViewController.swift */ = {isa = PBXFileReference; lastKnownFileType = sourcecode.swift; path = PersonViewController.swift; sourceTree = "<group>"; };
		2CAEDFDE2748F8A500F7DA48 /* MenuViewController.swift */ = {isa = PBXFileReference; lastKnownFileType = sourcecode.swift; path = MenuViewController.swift; sourceTree = "<group>"; };
		2CCC3365274FE328005A0711 /* BaseValidator.swift */ = {isa = PBXFileReference; lastKnownFileType = sourcecode.swift; path = BaseValidator.swift; sourceTree = "<group>"; };
		2CCC3368274FE3A2005A0711 /* ErrorValidation.swift */ = {isa = PBXFileReference; lastKnownFileType = sourcecode.swift; path = ErrorValidation.swift; sourceTree = "<group>"; };
		2CCC336B274FE441005A0711 /* TextField_Extension.swift */ = {isa = PBXFileReference; lastKnownFileType = sourcecode.swift; path = TextField_Extension.swift; sourceTree = "<group>"; };
		2CCC336F274FE7CD005A0711 /* TextLengthValidator.swift */ = {isa = PBXFileReference; lastKnownFileType = sourcecode.swift; path = TextLengthValidator.swift; sourceTree = "<group>"; };
		2CCC3372274FE827005A0711 /* RegularExpressionValidator.swift */ = {isa = PBXFileReference; lastKnownFileType = sourcecode.swift; path = RegularExpressionValidator.swift; sourceTree = "<group>"; };
		2CCC3375274FEA80005A0711 /* UserData.swift */ = {isa = PBXFileReference; lastKnownFileType = sourcecode.swift; path = UserData.swift; sourceTree = "<group>"; };
		2CEB8593275ABD58009D977E /* APIManager.swift */ = {isa = PBXFileReference; lastKnownFileType = sourcecode.swift; path = APIManager.swift; sourceTree = "<group>"; };
		604E5AB22754D263702C450A /* Pods-VTB_Charity.debug.xcconfig */ = {isa = PBXFileReference; includeInIndex = 1; lastKnownFileType = text.xcconfig; name = "Pods-VTB_Charity.debug.xcconfig"; path = "Target Support Files/Pods-VTB_Charity/Pods-VTB_Charity.debug.xcconfig"; sourceTree = "<group>"; };
		911B11E8275537B60089DA52 /* AlignedCollectionViewFlowLayout.swift */ = {isa = PBXFileReference; lastKnownFileType = sourcecode.swift; path = AlignedCollectionViewFlowLayout.swift; sourceTree = "<group>"; };
		AB5E09BDD66D86C1F4E0DC19 /* Pods_VTB_Charity.framework */ = {isa = PBXFileReference; explicitFileType = wrapper.framework; includeInIndex = 0; path = Pods_VTB_Charity.framework; sourceTree = BUILT_PRODUCTS_DIR; };
		F547EA89783CB7E6913A2CC4 /* Pods-VTB_Charity.release.xcconfig */ = {isa = PBXFileReference; includeInIndex = 1; lastKnownFileType = text.xcconfig; name = "Pods-VTB_Charity.release.xcconfig"; path = "Target Support Files/Pods-VTB_Charity/Pods-VTB_Charity.release.xcconfig"; sourceTree = "<group>"; };
/* End PBXFileReference section */

/* Begin PBXFrameworksBuildPhase section */
		2CAEDFBF2748EB5300F7DA48 /* Frameworks */ = {
			isa = PBXFrameworksBuildPhase;
			buildActionMask = 2147483647;
			files = (
				3CCA123C35ADE859BE841D73 /* Pods_VTB_Charity.framework in Frameworks */,
			);
			runOnlyForDeploymentPostprocessing = 0;
		};
/* End PBXFrameworksBuildPhase section */

/* Begin PBXGroup section */
		2C19253C274FB907009FBEA8 /* Registration */ = {
			isa = PBXGroup;
			children = (
				2CAEDFC92748EB5300F7DA48 /* AuthorizationViewController.swift */,
				2C19253D274FD56B009FBEA8 /* Preferences.swift */,
			);
			name = Registration;
			sourceTree = "<group>";
		};
		2C5DA0D32750DAA800653DDE /* Utils */ = {
			isa = PBXGroup;
			children = (
				2CCC336F274FE7CD005A0711 /* TextLengthValidator.swift */,
				2CCC3372274FE827005A0711 /* RegularExpressionValidator.swift */,
				2CCC3368274FE3A2005A0711 /* ErrorValidation.swift */,
				2CCC3365274FE328005A0711 /* BaseValidator.swift */,
				2CCC3375274FEA80005A0711 /* UserData.swift */,
			);
			name = Utils;
			sourceTree = "<group>";
		};
		2C5DA0E02752AD3600653DDE /* Controllers */ = {
			isa = PBXGroup;
			children = (
				2CAEDFDB2748EEF600F7DA48 /* PersonViewController.swift */,
				2CAEDFDE2748F8A500F7DA48 /* MenuViewController.swift */,
				2C5DA0D72750F6BD00653DDE /* SelectCardViewController.swift */,
			);
			name = Controllers;
			sourceTree = "<group>";
		};
		2C5DA0E12752AD5D00653DDE /* Views */ = {
			isa = PBXGroup;
			children = (
				2C5DA0DA2750F81F00653DDE /* SelectCardCollectionViewCell.swift */,
				2C5DA0DB2750F81F00653DDE /* SelectCardCollectionViewCell.xib */,
			);
			name = Views;
			sourceTree = "<group>";
		};
		2CAEDFB92748EB5300F7DA48 = {
			isa = PBXGroup;
			children = (
				2CAEDFC42748EB5300F7DA48 /* VTB_Charity */,
				2CAEDFC32748EB5300F7DA48 /* Products */,
				F28CD5AADD1EABB33E835AAA /* Pods */,
				7A61C0968CB3E15740AB5DA2 /* Frameworks */,
			);
			sourceTree = "<group>";
		};
		2CAEDFC32748EB5300F7DA48 /* Products */ = {
			isa = PBXGroup;
			children = (
				2CAEDFC22748EB5300F7DA48 /* VTB_Charity.app */,
			);
			name = Products;
			sourceTree = "<group>";
		};
		2CAEDFC42748EB5300F7DA48 /* VTB_Charity */ = {
			isa = PBXGroup;
			children = (
				2CEB8596275ABD64009D977E /* Models */,
				2C5DA0D32750DAA800653DDE /* Utils */,
				2C19253C274FB907009FBEA8 /* Registration */,
				2C5DA0E02752AD3600653DDE /* Controllers */,
				2C5DA0E12752AD5D00653DDE /* Views */,
				2CCC336E274FE644005A0711 /* Support Files */,
			);
			path = VTB_Charity;
			sourceTree = "<group>";
		};
		2CCC336E274FE644005A0711 /* Support Files */ = {
			isa = PBXGroup;
			children = (
				2CAEDFCB2748EB5300F7DA48 /* Main.storyboard */,
				2CAEDFCE2748EB6400F7DA48 /* Assets.xcassets */,
				2CAEDFD02748EB6400F7DA48 /* LaunchScreen.storyboard */,
				2CAEDFD32748EB6400F7DA48 /* Info.plist */,
				2CCC336B274FE441005A0711 /* TextField_Extension.swift */,
				2CAEDFC52748EB5300F7DA48 /* AppDelegate.swift */,
				911B11E8275537B60089DA52 /* AlignedCollectionViewFlowLayout.swift */,
			);
			name = "Support Files";
			sourceTree = "<group>";
		};
		2CEB8596275ABD64009D977E /* Models */ = {
			isa = PBXGroup;
			children = (
				2CEB8593275ABD58009D977E /* APIManager.swift */,
			);
			name = Models;
			sourceTree = "<group>";
		};
		7A61C0968CB3E15740AB5DA2 /* Frameworks */ = {
			isa = PBXGroup;
			children = (
				AB5E09BDD66D86C1F4E0DC19 /* Pods_VTB_Charity.framework */,
			);
			name = Frameworks;
			sourceTree = "<group>";
		};
		F28CD5AADD1EABB33E835AAA /* Pods */ = {
			isa = PBXGroup;
			children = (
				604E5AB22754D263702C450A /* Pods-VTB_Charity.debug.xcconfig */,
				F547EA89783CB7E6913A2CC4 /* Pods-VTB_Charity.release.xcconfig */,
			);
			path = Pods;
			sourceTree = "<group>";
		};
/* End PBXGroup section */

/* Begin PBXNativeTarget section */
		2CAEDFC12748EB5300F7DA48 /* VTB_Charity */ = {
			isa = PBXNativeTarget;
			buildConfigurationList = 2CAEDFD62748EB6400F7DA48 /* Build configuration list for PBXNativeTarget "VTB_Charity" */;
			buildPhases = (
				DF45F0AC78FBD56B13B97801 /* [CP] Check Pods Manifest.lock */,
				2CAEDFBE2748EB5300F7DA48 /* Sources */,
				2CAEDFBF2748EB5300F7DA48 /* Frameworks */,
				2CAEDFC02748EB5300F7DA48 /* Resources */,
				96A0AF35B3A6DF6C53CB5E8A /* [CP] Embed Pods Frameworks */,
			);
			buildRules = (
			);
			dependencies = (
			);
			name = VTB_Charity;
			productName = VTB_Charity;
			productReference = 2CAEDFC22748EB5300F7DA48 /* VTB_Charity.app */;
			productType = "com.apple.product-type.application";
		};
/* End PBXNativeTarget section */

/* Begin PBXProject section */
		2CAEDFBA2748EB5300F7DA48 /* Project object */ = {
			isa = PBXProject;
			attributes = {
				LastSwiftUpdateCheck = 1230;
				LastUpgradeCheck = 1230;
				TargetAttributes = {
					2CAEDFC12748EB5300F7DA48 = {
						CreatedOnToolsVersion = 12.3;
					};
				};
			};
			buildConfigurationList = 2CAEDFBD2748EB5300F7DA48 /* Build configuration list for PBXProject "VTB_Charity" */;
			compatibilityVersion = "Xcode 9.3";
			developmentRegion = en;
			hasScannedForEncodings = 0;
			knownRegions = (
				en,
				Base,
			);
			mainGroup = 2CAEDFB92748EB5300F7DA48;
			productRefGroup = 2CAEDFC32748EB5300F7DA48 /* Products */;
			projectDirPath = "";
			projectRoot = "";
			targets = (
				2CAEDFC12748EB5300F7DA48 /* VTB_Charity */,
			);
		};
/* End PBXProject section */

/* Begin PBXResourcesBuildPhase section */
		2CAEDFC02748EB5300F7DA48 /* Resources */ = {
			isa = PBXResourcesBuildPhase;
			buildActionMask = 2147483647;
			files = (
				2C5DA0DD2750F81F00653DDE /* SelectCardCollectionViewCell.xib in Resources */,
				2CAEDFD22748EB6400F7DA48 /* LaunchScreen.storyboard in Resources */,
				2CAEDFCF2748EB6400F7DA48 /* Assets.xcassets in Resources */,
				2CAEDFCD2748EB5300F7DA48 /* Main.storyboard in Resources */,
			);
			runOnlyForDeploymentPostprocessing = 0;
		};
/* End PBXResourcesBuildPhase section */

/* Begin PBXShellScriptBuildPhase section */
		96A0AF35B3A6DF6C53CB5E8A /* [CP] Embed Pods Frameworks */ = {
			isa = PBXShellScriptBuildPhase;
			buildActionMask = 2147483647;
			files = (
			);
			inputFileListPaths = (
				"${PODS_ROOT}/Target Support Files/Pods-VTB_Charity/Pods-VTB_Charity-frameworks-${CONFIGURATION}-input-files.xcfilelist",
			);
			name = "[CP] Embed Pods Frameworks";
			outputFileListPaths = (
				"${PODS_ROOT}/Target Support Files/Pods-VTB_Charity/Pods-VTB_Charity-frameworks-${CONFIGURATION}-output-files.xcfilelist",
			);
			runOnlyForDeploymentPostprocessing = 0;
			shellPath = /bin/sh;
			shellScript = "\"${PODS_ROOT}/Target Support Files/Pods-VTB_Charity/Pods-VTB_Charity-frameworks.sh\"\n";
			showEnvVarsInLog = 0;
		};
		DF45F0AC78FBD56B13B97801 /* [CP] Check Pods Manifest.lock */ = {
			isa = PBXShellScriptBuildPhase;
			buildActionMask = 2147483647;
			files = (
			);
			inputFileListPaths = (
			);
			inputPaths = (
				"${PODS_PODFILE_DIR_PATH}/Podfile.lock",
				"${PODS_ROOT}/Manifest.lock",
			);
			name = "[CP] Check Pods Manifest.lock";
			outputFileListPaths = (
			);
			outputPaths = (
				"$(DERIVED_FILE_DIR)/Pods-VTB_Charity-checkManifestLockResult.txt",
			);
			runOnlyForDeploymentPostprocessing = 0;
			shellPath = /bin/sh;
			shellScript = "diff \"${PODS_PODFILE_DIR_PATH}/Podfile.lock\" \"${PODS_ROOT}/Manifest.lock\" > /dev/null\nif [ $? != 0 ] ; then\n    # print error to STDERR\n    echo \"error: The sandbox is not in sync with the Podfile.lock. Run 'pod install' or update your CocoaPods installation.\" >&2\n    exit 1\nfi\n# This output is used by Xcode 'outputs' to avoid re-running this script phase.\necho \"SUCCESS\" > \"${SCRIPT_OUTPUT_FILE_0}\"\n";
			showEnvVarsInLog = 0;
		};
/* End PBXShellScriptBuildPhase section */

/* Begin PBXSourcesBuildPhase section */
		2CAEDFBE2748EB5300F7DA48 /* Sources */ = {
			isa = PBXSourcesBuildPhase;
			buildActionMask = 2147483647;
			files = (
				2CAEDFCA2748EB5300F7DA48 /* AuthorizationViewController.swift in Sources */,
				2CCC336C274FE441005A0711 /* TextField_Extension.swift in Sources */,
				2CCC3376274FEA80005A0711 /* UserData.swift in Sources */,
				2CAEDFDF2748F8A500F7DA48 /* MenuViewController.swift in Sources */,
				2C5DA0DC2750F81F00653DDE /* SelectCardCollectionViewCell.swift in Sources */,
				911B11E9275537B60089DA52 /* AlignedCollectionViewFlowLayout.swift in Sources */,
				2CAEDFC62748EB5300F7DA48 /* AppDelegate.swift in Sources */,
				2CCC3369274FE3A2005A0711 /* ErrorValidation.swift in Sources */,
				2CCC3366274FE328005A0711 /* BaseValidator.swift in Sources */,
				2CCC3370274FE7CD005A0711 /* TextLengthValidator.swift in Sources */,
				2C19253E274FD56B009FBEA8 /* Preferences.swift in Sources */,
				2CCC3373274FE827005A0711 /* RegularExpressionValidator.swift in Sources */,
				2CEB8594275ABD58009D977E /* APIManager.swift in Sources */,
				2CAEDFDC2748EEF600F7DA48 /* PersonViewController.swift in Sources */,
				2C5DA0D82750F6BD00653DDE /* SelectCardViewController.swift in Sources */,
			);
			runOnlyForDeploymentPostprocessing = 0;
		};
/* End PBXSourcesBuildPhase section */

/* Begin PBXVariantGroup section */
		2CAEDFCB2748EB5300F7DA48 /* Main.storyboard */ = {
			isa = PBXVariantGroup;
			children = (
				2CAEDFCC2748EB5300F7DA48 /* Base */,
			);
			name = Main.storyboard;
			sourceTree = "<group>";
		};
		2CAEDFD02748EB6400F7DA48 /* LaunchScreen.storyboard */ = {
			isa = PBXVariantGroup;
			children = (
				2CAEDFD12748EB6400F7DA48 /* Base */,
			);
			name = LaunchScreen.storyboard;
			sourceTree = "<group>";
		};
/* End PBXVariantGroup section */

/* Begin XCBuildConfiguration section */
		2CAEDFD42748EB6400F7DA48 /* Debug */ = {
			isa = XCBuildConfiguration;
			buildSettings = {
				ALWAYS_SEARCH_USER_PATHS = NO;
				CLANG_ANALYZER_NONNULL = YES;
				CLANG_ANALYZER_NUMBER_OBJECT_CONVERSION = YES_AGGRESSIVE;
				CLANG_CXX_LANGUAGE_STANDARD = "gnu++14";
				CLANG_CXX_LIBRARY = "libc++";
				CLANG_ENABLE_MODULES = YES;
				CLANG_ENABLE_OBJC_ARC = YES;
				CLANG_ENABLE_OBJC_WEAK = YES;
				CLANG_WARN_BLOCK_CAPTURE_AUTORELEASING = YES;
				CLANG_WARN_BOOL_CONVERSION = YES;
				CLANG_WARN_COMMA = YES;
				CLANG_WARN_CONSTANT_CONVERSION = YES;
				CLANG_WARN_DEPRECATED_OBJC_IMPLEMENTATIONS = YES;
				CLANG_WARN_DIRECT_OBJC_ISA_USAGE = YES_ERROR;
				CLANG_WARN_DOCUMENTATION_COMMENTS = YES;
				CLANG_WARN_EMPTY_BODY = YES;
				CLANG_WARN_ENUM_CONVERSION = YES;
				CLANG_WARN_INFINITE_RECURSION = YES;
				CLANG_WARN_INT_CONVERSION = YES;
				CLANG_WARN_NON_LITERAL_NULL_CONVERSION = YES;
				CLANG_WARN_OBJC_IMPLICIT_RETAIN_SELF = YES;
				CLANG_WARN_OBJC_LITERAL_CONVERSION = YES;
				CLANG_WARN_OBJC_ROOT_CLASS = YES_ERROR;
				CLANG_WARN_QUOTED_INCLUDE_IN_FRAMEWORK_HEADER = YES;
				CLANG_WARN_RANGE_LOOP_ANALYSIS = YES;
				CLANG_WARN_STRICT_PROTOTYPES = YES;
				CLANG_WARN_SUSPICIOUS_MOVE = YES;
				CLANG_WARN_UNGUARDED_AVAILABILITY = YES_AGGRESSIVE;
				CLANG_WARN_UNREACHABLE_CODE = YES;
				CLANG_WARN__DUPLICATE_METHOD_MATCH = YES;
				COPY_PHASE_STRIP = NO;
				DEBUG_INFORMATION_FORMAT = dwarf;
				ENABLE_STRICT_OBJC_MSGSEND = YES;
				ENABLE_TESTABILITY = YES;
				GCC_C_LANGUAGE_STANDARD = gnu11;
				GCC_DYNAMIC_NO_PIC = NO;
				GCC_NO_COMMON_BLOCKS = YES;
				GCC_OPTIMIZATION_LEVEL = 0;
				GCC_PREPROCESSOR_DEFINITIONS = (
					"DEBUG=1",
					"$(inherited)",
				);
				GCC_WARN_64_TO_32_BIT_CONVERSION = YES;
				GCC_WARN_ABOUT_RETURN_TYPE = YES_ERROR;
				GCC_WARN_UNDECLARED_SELECTOR = YES;
				GCC_WARN_UNINITIALIZED_AUTOS = YES_AGGRESSIVE;
				GCC_WARN_UNUSED_FUNCTION = YES;
				GCC_WARN_UNUSED_VARIABLE = YES;
				IPHONEOS_DEPLOYMENT_TARGET = 14.3;
				MTL_ENABLE_DEBUG_INFO = INCLUDE_SOURCE;
				MTL_FAST_MATH = YES;
				ONLY_ACTIVE_ARCH = YES;
				SDKROOT = iphoneos;
				SWIFT_ACTIVE_COMPILATION_CONDITIONS = DEBUG;
				SWIFT_OPTIMIZATION_LEVEL = "-Onone";
			};
			name = Debug;
		};
		2CAEDFD52748EB6400F7DA48 /* Release */ = {
			isa = XCBuildConfiguration;
			buildSettings = {
				ALWAYS_SEARCH_USER_PATHS = NO;
				CLANG_ANALYZER_NONNULL = YES;
				CLANG_ANALYZER_NUMBER_OBJECT_CONVERSION = YES_AGGRESSIVE;
				CLANG_CXX_LANGUAGE_STANDARD = "gnu++14";
				CLANG_CXX_LIBRARY = "libc++";
				CLANG_ENABLE_MODULES = YES;
				CLANG_ENABLE_OBJC_ARC = YES;
				CLANG_ENABLE_OBJC_WEAK = YES;
				CLANG_WARN_BLOCK_CAPTURE_AUTORELEASING = YES;
				CLANG_WARN_BOOL_CONVERSION = YES;
				CLANG_WARN_COMMA = YES;
				CLANG_WARN_CONSTANT_CONVERSION = YES;
				CLANG_WARN_DEPRECATED_OBJC_IMPLEMENTATIONS = YES;
				CLANG_WARN_DIRECT_OBJC_ISA_USAGE = YES_ERROR;
				CLANG_WARN_DOCUMENTATION_COMMENTS = YES;
				CLANG_WARN_EMPTY_BODY = YES;
				CLANG_WARN_ENUM_CONVERSION = YES;
				CLANG_WARN_INFINITE_RECURSION = YES;
				CLANG_WARN_INT_CONVERSION = YES;
				CLANG_WARN_NON_LITERAL_NULL_CONVERSION = YES;
				CLANG_WARN_OBJC_IMPLICIT_RETAIN_SELF = YES;
				CLANG_WARN_OBJC_LITERAL_CONVERSION = YES;
				CLANG_WARN_OBJC_ROOT_CLASS = YES_ERROR;
				CLANG_WARN_QUOTED_INCLUDE_IN_FRAMEWORK_HEADER = YES;
				CLANG_WARN_RANGE_LOOP_ANALYSIS = YES;
				CLANG_WARN_STRICT_PROTOTYPES = YES;
				CLANG_WARN_SUSPICIOUS_MOVE = YES;
				CLANG_WARN_UNGUARDED_AVAILABILITY = YES_AGGRESSIVE;
				CLANG_WARN_UNREACHABLE_CODE = YES;
				CLANG_WARN__DUPLICATE_METHOD_MATCH = YES;
				COPY_PHASE_STRIP = NO;
				DEBUG_INFORMATION_FORMAT = "dwarf-with-dsym";
				ENABLE_NS_ASSERTIONS = NO;
				ENABLE_STRICT_OBJC_MSGSEND = YES;
				GCC_C_LANGUAGE_STANDARD = gnu11;
				GCC_NO_COMMON_BLOCKS = YES;
				GCC_WARN_64_TO_32_BIT_CONVERSION = YES;
				GCC_WARN_ABOUT_RETURN_TYPE = YES_ERROR;
				GCC_WARN_UNDECLARED_SELECTOR = YES;
				GCC_WARN_UNINITIALIZED_AUTOS = YES_AGGRESSIVE;
				GCC_WARN_UNUSED_FUNCTION = YES;
				GCC_WARN_UNUSED_VARIABLE = YES;
				IPHONEOS_DEPLOYMENT_TARGET = 14.3;
				MTL_ENABLE_DEBUG_INFO = NO;
				MTL_FAST_MATH = YES;
				SDKROOT = iphoneos;
				SWIFT_COMPILATION_MODE = wholemodule;
				SWIFT_OPTIMIZATION_LEVEL = "-O";
				VALIDATE_PRODUCT = YES;
			};
			name = Release;
		};
		2CAEDFD72748EB6400F7DA48 /* Debug */ = {
			isa = XCBuildConfiguration;
			baseConfigurationReference = 604E5AB22754D263702C450A /* Pods-VTB_Charity.debug.xcconfig */;
			buildSettings = {
				ASSETCATALOG_COMPILER_APPICON_NAME = AppIcon;
				ASSETCATALOG_COMPILER_GLOBAL_ACCENT_COLOR_NAME = AccentColor;
				CODE_SIGN_STYLE = Automatic;
				DEVELOPMENT_TEAM = R54BF494PD;
				INFOPLIST_FILE = VTB_Charity/Info.plist;
				LD_RUNPATH_SEARCH_PATHS = (
					"$(inherited)",
					"@executable_path/Frameworks",
				);
				PRODUCT_BUNDLE_IDENTIFIER = "com.IvanMaslov.VTB-Charity";
				PRODUCT_NAME = "$(TARGET_NAME)";
				SWIFT_VERSION = 5.0;
				TARGETED_DEVICE_FAMILY = "1,2";
			};
			name = Debug;
		};
		2CAEDFD82748EB6400F7DA48 /* Release */ = {
			isa = XCBuildConfiguration;
			baseConfigurationReference = F547EA89783CB7E6913A2CC4 /* Pods-VTB_Charity.release.xcconfig */;
			buildSettings = {
				ASSETCATALOG_COMPILER_APPICON_NAME = AppIcon;
				ASSETCATALOG_COMPILER_GLOBAL_ACCENT_COLOR_NAME = AccentColor;
				CODE_SIGN_STYLE = Automatic;
				DEVELOPMENT_TEAM = R54BF494PD;
				INFOPLIST_FILE = VTB_Charity/Info.plist;
				LD_RUNPATH_SEARCH_PATHS = (
					"$(inherited)",
					"@executable_path/Frameworks",
				);
				PRODUCT_BUNDLE_IDENTIFIER = "com.IvanMaslov.VTB-Charity";
				PRODUCT_NAME = "$(TARGET_NAME)";
				SWIFT_VERSION = 5.0;
				TARGETED_DEVICE_FAMILY = "1,2";
			};
			name = Release;
		};
/* End XCBuildConfiguration section */

/* Begin XCConfigurationList section */
		2CAEDFBD2748EB5300F7DA48 /* Build configuration list for PBXProject "VTB_Charity" */ = {
			isa = XCConfigurationList;
			buildConfigurations = (
				2CAEDFD42748EB6400F7DA48 /* Debug */,
				2CAEDFD52748EB6400F7DA48 /* Release */,
			);
			defaultConfigurationIsVisible = 0;
			defaultConfigurationName = Release;
		};
		2CAEDFD62748EB6400F7DA48 /* Build configuration list for PBXNativeTarget "VTB_Charity" */ = {
			isa = XCConfigurationList;
			buildConfigurations = (
				2CAEDFD72748EB6400F7DA48 /* Debug */,
				2CAEDFD82748EB6400F7DA48 /* Release */,
			);
			defaultConfigurationIsVisible = 0;
			defaultConfigurationName = Release;
		};
/* End XCConfigurationList section */
	};
	rootObject = 2CAEDFBA2748EB5300F7DA48 /* Project object */;
}
